<?xml version="1.0" encoding="utf-8"?>
<Project ToolsVersion="4.0" xmlns="http://schemas.microsoft.com/developer/msbuild/2003">
  <ItemGroup>
    <Filter Include="src">
      <UniqueIdentifier>{5cdab7cc-3eb9-4b33-b547-9d36ea3bfc72}</UniqueIdentifier>
    </Filter>
    <Filter Include="GLFW">
      <UniqueIdentifier>{2d7df31e-8a6f-4942-971a-033f64b5e23f}</UniqueIdentifier>
    </Filter>
    <Filter Include="src\glad">
      <UniqueIdentifier>{ebebf3d5-ff8a-492a-a966-1ebd839f7098}</UniqueIdentifier>
    </Filter>
    <Filter Include="src\glfw_help">
      <UniqueIdentifier>{6f266677-5cce-4726-a26c-2445cbb1e067}</UniqueIdentifier>
    </Filter>
    <Filter Include="geometry">
      <UniqueIdentifier>{803f8284-8301-4ff6-ad0b-c33de4b74f12}</UniqueIdentifier>
    </Filter>
    <Filter Include="shaders">
      <UniqueIdentifier>{c93d28be-cac8-4338-878a-65d6c46c968f}</UniqueIdentifier>
    </Filter>
    <Filter Include="shaders\vertex_shaders">
      <UniqueIdentifier>{e4e3f50d-ffca-43ef-b21c-52edb9f9227b}</UniqueIdentifier>
    </Filter>
    <Filter Include="shaders\geometry_shaders">
      <UniqueIdentifier>{fd7a4089-57b0-4264-a556-30ffb00b9eaf}</UniqueIdentifier>
    </Filter>
    <Filter Include="shaders\fragment_shaders">
      <UniqueIdentifier>{39b9dbd0-04a0-4ef9-b904-4f176e5b264d}</UniqueIdentifier>
    </Filter>
    <Filter Include="stb">
      <UniqueIdentifier>{d8749fcf-0370-4d84-a0a7-d306179377a8}</UniqueIdentifier>
    </Filter>
    <Filter Include="src\stb">
      <UniqueIdentifier>{7a7c3c43-a805-4ede-8283-129bd34222d4}</UniqueIdentifier>
    </Filter>
  </ItemGroup>
  <ItemGroup>
    <ClCompile Include="..\src\main.cpp">
      <Filter>src</Filter>
    </ClCompile>
    <ClCompile Include="..\src\glad\glad.c">
      <Filter>src\glad</Filter>
    </ClCompile>
    <ClCompile Include="..\src\glfw_help\glfw_helper.cpp">
      <Filter>src\glfw_help</Filter>
    </ClCompile>
    <ClCompile Include="..\src\shaders\shaders.cpp">
      <Filter>shaders</Filter>
    </ClCompile>
    <ClCompile Include="..\src\stb\stb.cpp">
      <Filter>src\stb</Filter>
    </ClCompile>
  </ItemGroup>
  <ItemGroup>
    <ClInclude Include="..\ext\Include\GLFW\glfw3.h">
      <Filter>GLFW</Filter>
    </ClInclude>
    <ClInclude Include="..\ext\Include\GLFW\glfw3native.h">
      <Filter>GLFW</Filter>
    </ClInclude>
    <ClInclude Include="..\src\glfw_help\glfw_helper.h">
      <Filter>src\glfw_help</Filter>
    </ClInclude>
    <ClInclude Include="..\ext\Include\geometry\geometry.h">
      <Filter>geometry</Filter>
    </ClInclude>
    <ClInclude Include="..\src\shaders\shaders.h">
      <Filter>shaders</Filter>
    </ClInclude>
    <ClInclude Include="..\ext\Include\stb\stb_image.h">
      <Filter>stb</Filter>
    </ClInclude>
  </ItemGroup>
  <ItemGroup>
    <None Include="..\src\shaders\vertex_shaders\basic.vert">
      <Filter>shaders\vertex_shaders</Filter>
    </None>
    <None Include="..\src\shaders\fragment_shaders\basic.frag">
      <Filter>shaders\fragment_shaders</Filter>
    </None>
  </ItemGroup>
</Project>